locked by khand/dev-sa-irdtrl-com PID 30139, on Tue May  7 14:52:26 2019
/sa-tools/codesonar-5.0p0/codesonar/bin/codesonar -continue yes -w -conf-file /sa-tools/codesonar-5.0p0/codesonar/template.conf -conf-file /sa-tools/Juliet_Test_Suite/testcases/CWE416_Use_After_Free/CWE416_Use_After_Free.CSURF_COMPILER_CONF_MARKER -conf-file /sa-tools/Juliet_Test_Suite/testcases/CWE416_Use_After_Free/CWE416_Use_After_Free.conf -invoke-compiler no -transparent yes -T/sa-tools/Juliet_Test_Suite/testcases/CWE416_Use_After_Free/CWE416_Use_After_Free.prj_files csbuild CWE416_Use_After_Free /sa-tools/Juliet_Test_Suite/testcases/CWE416_Use_After_Free/CWE416_Use_After_Free.prj_files -csurf-load-script /sa-tools/codesonar-5.0p0/codesonar/stk/CsonarLoader.stk 
